
Microsoft Visual Studio Solution File, Format Version 12.00
# Visual Studio 14
VisualStudioVersion = 14.0.25420.1
MinimumVisualStudioVersion = 10.0.40219.1
Project("{FAE04EC0-301F-11D3-BF4B-00C04F79EFBC}") = "Labos Madness", "Labos Madness\Labos Madness.csproj", "{8F91042B-2A20-4ECF-A195-44533FF53C4A}"
EndProject
Global
	GlobalSection(SolutionConfigurationPlatforms) = preSolution
		Debug|x86 = Debug|x86
		Release|x86 = Release|x86
	EndGlobalSection
	GlobalSection(ProjectConfigurationPlatforms) = postSolution
		{8F91042B-2A20-4ECF-A195-44533FF53C4A}.Debug|x86.ActiveCfg = Debug|x86
		{8F91042B-2A20-4ECF-A195-44533FF53C4A}.Debug|x86.Build.0 = Debug|x86
		{8F91042B-2A20-4ECF-A195-44533FF53C4A}.Release|x86.ActiveCfg = Release|x86
		{8F91042B-2A20-4ECF-A195-44533FF53C4A}.Release|x86.Build.0 = Release|x86
	EndGlobalSection
	GlobalSection(SolutionProperties) = preSolution
		HideSolutionNode = FALSE
	EndGlobalSection
EndGlobal
